
Microsoft Visual Studio Solution File, Format Version 12.00
# Visual Studio 2012
Project("{FAE04EC0-301F-11D3-BF4B-00C04F79EFBC}") = "FirstRep", "FirstRep\FirstRep.csproj", "{BA95DB69-DD1E-4B0F-AB3D-E74ADD455C92}"
EndProject
Global
	GlobalSection(SolutionConfigurationPlatforms) = preSolution
		Debug|Any CPU = Debug|Any CPU
		Release|Any CPU = Release|Any CPU
	EndGlobalSection
	GlobalSection(ProjectConfigurationPlatforms) = postSolution
		{BA95DB69-DD1E-4B0F-AB3D-E74ADD455C92}.Debug|Any CPU.ActiveCfg = Debug|Any CPU
		{BA95DB69-DD1E-4B0F-AB3D-E74ADD455C92}.Debug|Any CPU.Build.0 = Debug|Any CPU
		{BA95DB69-DD1E-4B0F-AB3D-E74ADD455C92}.Release|Any CPU.ActiveCfg = Release|Any CPU
		{BA95DB69-DD1E-4B0F-AB3D-E74ADD455C92}.Release|Any CPU.Build.0 = Release|Any CPU
	EndGlobalSection
	GlobalSection(SolutionProperties) = preSolution
		HideSolutionNode = FALSE
	EndGlobalSection
EndGlobal
